
Microsoft Visual Studio Solution File, Format Version 12.00
# Visual Studio Version 16
VisualStudioVersion = 16.0.30320.27
MinimumVisualStudioVersion = 10.0.40219.1
Project("{FAE04EC0-301F-11D3-BF4B-00C04F79EFBC}") = "githubpublishsample-mvc-core", "githubpublishsample-mvc-core\githubpublishsample-mvc-core.csproj", "{1B901A1E-FF50-48BA-AF99-970CFD43CD9C}"
EndProject
Global
	GlobalSection(SolutionConfigurationPlatforms) = preSolution
		Debug|Any CPU = Debug|Any CPU
		Release|Any CPU = Release|Any CPU
	EndGlobalSection
	GlobalSection(ProjectConfigurationPlatforms) = postSolution
		{1B901A1E-FF50-48BA-AF99-970CFD43CD9C}.Debug|Any CPU.ActiveCfg = Debug|Any CPU
		{1B901A1E-FF50-48BA-AF99-970CFD43CD9C}.Debug|Any CPU.Build.0 = Debug|Any CPU
		{1B901A1E-FF50-48BA-AF99-970CFD43CD9C}.Release|Any CPU.ActiveCfg = Release|Any CPU
		{1B901A1E-FF50-48BA-AF99-970CFD43CD9C}.Release|Any CPU.Build.0 = Release|Any CPU
	EndGlobalSection
	GlobalSection(SolutionProperties) = preSolution
		HideSolutionNode = FALSE
	EndGlobalSection
	GlobalSection(ExtensibilityGlobals) = postSolution
		SolutionGuid = {BCD36DDD-D838-4EAF-95B7-3AF9BE2702A3}
	EndGlobalSection
EndGlobal
